
Microsoft Visual Studio Solution File, Format Version 12.00
# Visual Studio 15
VisualStudioVersion = 15.0.27428.2037
MinimumVisualStudioVersion = 10.0.40219.1
Project("{9A19103F-16F7-4668-BE54-9A1E7A4F7556}") = "NotificationFramework", "NotificationFramework\NotificationFramework.csproj", "{3241A95D-810C-446E-B671-34517690DBFE}"
EndProject
Project("{9A19103F-16F7-4668-BE54-9A1E7A4F7556}") = "NotificationFramework.UnitTests", "NotificationFramework.UnitTests\NotificationFramework.UnitTests.csproj", "{2A8F6EA5-BB44-4606-8127-2DFB2C35D1AF}"
EndProject
Project("{9A19103F-16F7-4668-BE54-9A1E7A4F7556}") = "NotificationFramework.Email", "NotificationFramework.Email\NotificationFramework.Email.csproj", "{A28AF4D6-E295-4834-B351-C73E842A8F91}"
EndProject
Project("{2150E333-8FDC-42A3-9474-1A3956D46DE8}") = "Solution Items", "Solution Items", "{C92ABF61-2DED-4C52-80F9-347E7137AAB9}"
	ProjectSection(SolutionItems) = preProject
		.gitattributes = .gitattributes
		.gitignore = .gitignore
	EndProjectSection
EndProject
Global
	GlobalSection(SolutionConfigurationPlatforms) = preSolution
		Debug|Any CPU = Debug|Any CPU
		Release|Any CPU = Release|Any CPU
	EndGlobalSection
	GlobalSection(ProjectConfigurationPlatforms) = postSolution
		{3241A95D-810C-446E-B671-34517690DBFE}.Debug|Any CPU.ActiveCfg = Debug|Any CPU
		{3241A95D-810C-446E-B671-34517690DBFE}.Debug|Any CPU.Build.0 = Debug|Any CPU
		{3241A95D-810C-446E-B671-34517690DBFE}.Release|Any CPU.ActiveCfg = Release|Any CPU
		{3241A95D-810C-446E-B671-34517690DBFE}.Release|Any CPU.Build.0 = Release|Any CPU
		{2A8F6EA5-BB44-4606-8127-2DFB2C35D1AF}.Debug|Any CPU.ActiveCfg = Debug|Any CPU
		{2A8F6EA5-BB44-4606-8127-2DFB2C35D1AF}.Debug|Any CPU.Build.0 = Debug|Any CPU
		{2A8F6EA5-BB44-4606-8127-2DFB2C35D1AF}.Release|Any CPU.ActiveCfg = Release|Any CPU
		{2A8F6EA5-BB44-4606-8127-2DFB2C35D1AF}.Release|Any CPU.Build.0 = Release|Any CPU
		{A28AF4D6-E295-4834-B351-C73E842A8F91}.Debug|Any CPU.ActiveCfg = Debug|Any CPU
		{A28AF4D6-E295-4834-B351-C73E842A8F91}.Debug|Any CPU.Build.0 = Debug|Any CPU
		{A28AF4D6-E295-4834-B351-C73E842A8F91}.Release|Any CPU.ActiveCfg = Release|Any CPU
		{A28AF4D6-E295-4834-B351-C73E842A8F91}.Release|Any CPU.Build.0 = Release|Any CPU
	EndGlobalSection
	GlobalSection(SolutionProperties) = preSolution
		HideSolutionNode = FALSE
	EndGlobalSection
	GlobalSection(ExtensibilityGlobals) = postSolution
		SolutionGuid = {513FEC0E-92B8-4925-A409-FE1C842AFC06}
	EndGlobalSection
EndGlobal
